// !$*UTF8*$!
{
	archiveVersion = 1;
	classes = {
	};
	objectVersion = 51;
	objects = {

/* Begin PBXBuildFile section */
		46CB5C245FE1D290F84FBCCA /* Pods_MSA.framework in Frameworks */ = {isa = PBXBuildFile; fileRef = 39AF68D5BD47F9C9B8C4C83C /* Pods_MSA.framework */; };
		C326C35025245D640039C7B6 /* AppDelegate.swift in Sources */ = {isa = PBXBuildFile; fileRef = C326C34F25245D640039C7B6 /* AppDelegate.swift */; };
		C326C35225245D640039C7B6 /* SceneDelegate.swift in Sources */ = {isa = PBXBuildFile; fileRef = C326C35125245D640039C7B6 /* SceneDelegate.swift */; };
		C326C35425245D640039C7B6 /* ViewController.swift in Sources */ = {isa = PBXBuildFile; fileRef = C326C35325245D640039C7B6 /* ViewController.swift */; };
		C326C35725245D640039C7B6 /* Main.storyboard in Resources */ = {isa = PBXBuildFile; fileRef = C326C35525245D640039C7B6 /* Main.storyboard */; };
		C326C35A25245D640039C7B6 /* MSA.xcdatamodeld in Sources */ = {isa = PBXBuildFile; fileRef = C326C35825245D640039C7B6 /* MSA.xcdatamodeld */; };
		C326C35C25245D650039C7B6 /* Assets.xcassets in Resources */ = {isa = PBXBuildFile; fileRef = C326C35B25245D650039C7B6 /* Assets.xcassets */; };
		C326C35F25245D650039C7B6 /* LaunchScreen.storyboard in Resources */ = {isa = PBXBuildFile; fileRef = C326C35D25245D650039C7B6 /* LaunchScreen.storyboard */; };
		C3DBAD022530744E004AF918 /* bookTableViewCell.swift in Sources */ = {isa = PBXBuildFile; fileRef = C3DBAD012530744E004AF918 /* bookTableViewCell.swift */; };
		C3E6D1FB25308FE70078A178 /* helpers.swift in Sources */ = {isa = PBXBuildFile; fileRef = C3E6D1FA25308FE70078A178 /* helpers.swift */; };
		C3E6D2D125381F5E0078A178 /* TopicViewController.swift in Sources */ = {isa = PBXBuildFile; fileRef = C3E6D2D025381F5E0078A178 /* TopicViewController.swift */; };
		C3E6D2D4253820070078A178 /* TopicCollectionViewCell.swift in Sources */ = {isa = PBXBuildFile; fileRef = C3E6D2D3253820070078A178 /* TopicCollectionViewCell.swift */; };
		C3E6D2E625387FEE0078A178 /* DetailsViewController.swift in Sources */ = {isa = PBXBuildFile; fileRef = C3E6D2E525387FEE0078A178 /* DetailsViewController.swift */; };
		C3E6D2FF253957930078A178 /* BooksCollectionViewCell.swift in Sources */ = {isa = PBXBuildFile; fileRef = C3E6D2FE253957930078A178 /* BooksCollectionViewCell.swift */; };
/* End PBXBuildFile section */

/* Begin PBXFileReference section */
		054A098611EFC25A9F678A26 /* Pods-MSA.release.xcconfig */ = {isa = PBXFileReference; includeInIndex = 1; lastKnownFileType = text.xcconfig; name = "Pods-MSA.release.xcconfig"; path = "Target Support Files/Pods-MSA/Pods-MSA.release.xcconfig"; sourceTree = "<group>"; };
		39AF68D5BD47F9C9B8C4C83C /* Pods_MSA.framework */ = {isa = PBXFileReference; explicitFileType = wrapper.framework; includeInIndex = 0; path = Pods_MSA.framework; sourceTree = BUILT_PRODUCTS_DIR; };
		C326C34C25245D640039C7B6 /* MSA.app */ = {isa = PBXFileReference; explicitFileType = wrapper.application; includeInIndex = 0; path = MSA.app; sourceTree = BUILT_PRODUCTS_DIR; };
		C326C34F25245D640039C7B6 /* AppDelegate.swift */ = {isa = PBXFileReference; lastKnownFileType = sourcecode.swift; path = AppDelegate.swift; sourceTree = "<group>"; };
		C326C35125245D640039C7B6 /* SceneDelegate.swift */ = {isa = PBXFileReference; lastKnownFileType = sourcecode.swift; path = SceneDelegate.swift; sourceTree = "<group>"; };
		C326C35325245D640039C7B6 /* ViewController.swift */ = {isa = PBXFileReference; lastKnownFileType = sourcecode.swift; path = ViewController.swift; sourceTree = "<group>"; };
		C326C35625245D640039C7B6 /* Base */ = {isa = PBXFileReference; lastKnownFileType = file.storyboard; name = Base; path = Base.lproj/Main.storyboard; sourceTree = "<group>"; };
		C326C35925245D640039C7B6 /* MSA.xcdatamodel */ = {isa = PBXFileReference; lastKnownFileType = wrapper.xcdatamodel; path = MSA.xcdatamodel; sourceTree = "<group>"; };
		C326C35B25245D650039C7B6 /* Assets.xcassets */ = {isa = PBXFileReference; lastKnownFileType = folder.assetcatalog; path = Assets.xcassets; sourceTree = "<group>"; };
		C326C35E25245D650039C7B6 /* Base */ = {isa = PBXFileReference; lastKnownFileType = file.storyboard; name = Base; path = Base.lproj/LaunchScreen.storyboard; sourceTree = "<group>"; };
		C326C36025245D650039C7B6 /* Info.plist */ = {isa = PBXFileReference; lastKnownFileType = text.plist.xml; path = Info.plist; sourceTree = "<group>"; };
		C3DBAD012530744E004AF918 /* bookTableViewCell.swift */ = {isa = PBXFileReference; lastKnownFileType = sourcecode.swift; path = bookTableViewCell.swift; sourceTree = "<group>"; };
		C3E6D1FA25308FE70078A178 /* helpers.swift */ = {isa = PBXFileReference; lastKnownFileType = sourcecode.swift; path = helpers.swift; sourceTree = "<group>"; };
		C3E6D2D025381F5E0078A178 /* TopicViewController.swift */ = {isa = PBXFileReference; lastKnownFileType = sourcecode.swift; path = TopicViewController.swift; sourceTree = "<group>"; };
		C3E6D2D3253820070078A178 /* TopicCollectionViewCell.swift */ = {isa = PBXFileReference; lastKnownFileType = sourcecode.swift; path = TopicCollectionViewCell.swift; sourceTree = "<group>"; };
		C3E6D2E525387FEE0078A178 /* DetailsViewController.swift */ = {isa = PBXFileReference; lastKnownFileType = sourcecode.swift; path = DetailsViewController.swift; sourceTree = "<group>"; };
		C3E6D2FE253957930078A178 /* BooksCollectionViewCell.swift */ = {isa = PBXFileReference; lastKnownFileType = sourcecode.swift; path = BooksCollectionViewCell.swift; sourceTree = "<group>"; };
		DD51B87F04FFB81565F3E3FA /* Pods-MSA.debug.xcconfig */ = {isa = PBXFileReference; includeInIndex = 1; lastKnownFileType = text.xcconfig; name = "Pods-MSA.debug.xcconfig"; path = "Target Support Files/Pods-MSA/Pods-MSA.debug.xcconfig"; sourceTree = "<group>"; };
/* End PBXFileReference section */

/* Begin PBXFrameworksBuildPhase section */
		C326C34925245D640039C7B6 /* Frameworks */ = {
			isa = PBXFrameworksBuildPhase;
			buildActionMask = 2147483647;
			files = (
				46CB5C245FE1D290F84FBCCA /* Pods_MSA.framework in Frameworks */,
			);
			runOnlyForDeploymentPostprocessing = 0;
		};
/* End PBXFrameworksBuildPhase section */

/* Begin PBXGroup section */
		4E3E523DD340D408FC2A3E4C /* Pods */ = {
			isa = PBXGroup;
			children = (
				DD51B87F04FFB81565F3E3FA /* Pods-MSA.debug.xcconfig */,
				054A098611EFC25A9F678A26 /* Pods-MSA.release.xcconfig */,
			);
			path = Pods;
			sourceTree = "<group>";
		};
		8FD6EF914F2BC10BA2212AC8 /* Frameworks */ = {
			isa = PBXGroup;
			children = (
				39AF68D5BD47F9C9B8C4C83C /* Pods_MSA.framework */,
			);
			name = Frameworks;
			sourceTree = "<group>";
		};
		C326C34325245D640039C7B6 = {
			isa = PBXGroup;
			children = (
				C326C34E25245D640039C7B6 /* MSA */,
				C326C34D25245D640039C7B6 /* Products */,
				4E3E523DD340D408FC2A3E4C /* Pods */,
				8FD6EF914F2BC10BA2212AC8 /* Frameworks */,
			);
			sourceTree = "<group>";
		};
		C326C34D25245D640039C7B6 /* Products */ = {
			isa = PBXGroup;
			children = (
				C326C34C25245D640039C7B6 /* MSA.app */,
			);
			name = Products;
			sourceTree = "<group>";
		};
		C326C34E25245D640039C7B6 /* MSA */ = {
			isa = PBXGroup;
			children = (
				C326C34F25245D640039C7B6 /* AppDelegate.swift */,
				C326C35125245D640039C7B6 /* SceneDelegate.swift */,
				C326C35325245D640039C7B6 /* ViewController.swift */,
				C3E6D2FE253957930078A178 /* BooksCollectionViewCell.swift */,
				C3E6D2E525387FEE0078A178 /* DetailsViewController.swift */,
				C3E6D2D025381F5E0078A178 /* TopicViewController.swift */,
				C3E6D2D3253820070078A178 /* TopicCollectionViewCell.swift */,
				C3DBAD012530744E004AF918 /* bookTableViewCell.swift */,
				C3E6D1FA25308FE70078A178 /* helpers.swift */,
				C326C35525245D640039C7B6 /* Main.storyboard */,
				C326C35B25245D650039C7B6 /* Assets.xcassets */,
				C326C35D25245D650039C7B6 /* LaunchScreen.storyboard */,
				C326C36025245D650039C7B6 /* Info.plist */,
				C326C35825245D640039C7B6 /* MSA.xcdatamodeld */,
			);
			path = MSA;
			sourceTree = "<group>";
		};
/* End PBXGroup section */

/* Begin PBXNativeTarget section */
		C326C34B25245D640039C7B6 /* MSA */ = {
			isa = PBXNativeTarget;
			buildConfigurationList = C326C36325245D650039C7B6 /* Build configuration list for PBXNativeTarget "MSA" */;
			buildPhases = (
				ED21FCA1F399E86E0546767C /* [CP] Check Pods Manifest.lock */,
				C326C34825245D640039C7B6 /* Sources */,
				C326C34925245D640039C7B6 /* Frameworks */,
				C326C34A25245D640039C7B6 /* Resources */,
				4022E437C4B3F5D0CBFA1670 /* [CP] Embed Pods Frameworks */,
			);
			buildRules = (
			);
			dependencies = (
			);
			name = MSA;
			productName = MSA;
			productReference = C326C34C25245D640039C7B6 /* MSA.app */;
			productType = "com.apple.product-type.application";
		};
/* End PBXNativeTarget section */

/* Begin PBXProject section */
		C326C34425245D640039C7B6 /* Project object */ = {
			isa = PBXProject;
			attributes = {
				LastSwiftUpdateCheck = 1170;
				LastUpgradeCheck = 1170;
				ORGANIZATIONNAME = FatemaShams;
				TargetAttributes = {
					C326C34B25245D640039C7B6 = {
						CreatedOnToolsVersion = 11.7;
					};
				};
			};
			buildConfigurationList = C326C34725245D640039C7B6 /* Build configuration list for PBXProject "MSA" */;
			compatibilityVersion = "Xcode 9.3";
			developmentRegion = en;
			hasScannedForEncodings = 0;
			knownRegions = (
				en,
				Base,
			);
			mainGroup = C326C34325245D640039C7B6;
			productRefGroup = C326C34D25245D640039C7B6 /* Products */;
			projectDirPath = "";
			projectRoot = "";
			targets = (
				C326C34B25245D640039C7B6 /* MSA */,
			);
		};
/* End PBXProject section */

/* Begin PBXResourcesBuildPhase section */
		C326C34A25245D640039C7B6 /* Resources */ = {
			isa = PBXResourcesBuildPhase;
			buildActionMask = 2147483647;
			files = (
				C326C35F25245D650039C7B6 /* LaunchScreen.storyboard in Resources */,
				C326C35C25245D650039C7B6 /* Assets.xcassets in Resources */,
				C326C35725245D640039C7B6 /* Main.storyboard in Resources */,
			);
			runOnlyForDeploymentPostprocessing = 0;
		};
/* End PBXResourcesBuildPhase section */

/* Begin PBXShellScriptBuildPhase section */
		4022E437C4B3F5D0CBFA1670 /* [CP] Embed Pods Frameworks */ = {
			isa = PBXShellScriptBuildPhase;
			buildActionMask = 2147483647;
			files = (
			);
			inputFileListPaths = (
				"${PODS_ROOT}/Target Support Files/Pods-MSA/Pods-MSA-frameworks-${CONFIGURATION}-input-files.xcfilelist",
			);
			name = "[CP] Embed Pods Frameworks";
			outputFileListPaths = (
				"${PODS_ROOT}/Target Support Files/Pods-MSA/Pods-MSA-frameworks-${CONFIGURATION}-output-files.xcfilelist",
			);
			runOnlyForDeploymentPostprocessing = 0;
			shellPath = /bin/sh;
			shellScript = "\"${PODS_ROOT}/Target Support Files/Pods-MSA/Pods-MSA-frameworks.sh\"\n";
			showEnvVarsInLog = 0;
		};
		ED21FCA1F399E86E0546767C /* [CP] Check Pods Manifest.lock */ = {
			isa = PBXShellScriptBuildPhase;
			buildActionMask = 2147483647;
			files = (
			);
			inputFileListPaths = (
			);
			inputPaths = (
				"${PODS_PODFILE_DIR_PATH}/Podfile.lock",
				"${PODS_ROOT}/Manifest.lock",
			);
			name = "[CP] Check Pods Manifest.lock";
			outputFileListPaths = (
			);
			outputPaths = (
				"$(DERIVED_FILE_DIR)/Pods-MSA-checkManifestLockResult.txt",
			);
			runOnlyForDeploymentPostprocessing = 0;
			shellPath = /bin/sh;
			shellScript = "diff \"${PODS_PODFILE_DIR_PATH}/Podfile.lock\" \"${PODS_ROOT}/Manifest.lock\" > /dev/null\nif [ $? != 0 ] ; then\n    # print error to STDERR\n    echo \"error: The sandbox is not in sync with the Podfile.lock. Run 'pod install' or update your CocoaPods installation.\" >&2\n    exit 1\nfi\n# This output is used by Xcode 'outputs' to avoid re-running this script phase.\necho \"SUCCESS\" > \"${SCRIPT_OUTPUT_FILE_0}\"\n";
			showEnvVarsInLog = 0;
		};
/* End PBXShellScriptBuildPhase section */

/* Begin PBXSourcesBuildPhase section */
		C326C34825245D640039C7B6 /* Sources */ = {
			isa = PBXSourcesBuildPhase;
			buildActionMask = 2147483647;
			files = (
				C326C35425245D640039C7B6 /* ViewController.swift in Sources */,
				C326C35A25245D640039C7B6 /* MSA.xcdatamodeld in Sources */,
				C3E6D2E625387FEE0078A178 /* DetailsViewController.swift in Sources */,
				C3E6D2FF253957930078A178 /* BooksCollectionViewCell.swift in Sources */,
				C326C35025245D640039C7B6 /* AppDelegate.swift in Sources */,
				C3DBAD022530744E004AF918 /* bookTableViewCell.swift in Sources */,
				C326C35225245D640039C7B6 /* SceneDelegate.swift in Sources */,
				C3E6D1FB25308FE70078A178 /* helpers.swift in Sources */,
				C3E6D2D4253820070078A178 /* TopicCollectionViewCell.swift in Sources */,
				C3E6D2D125381F5E0078A178 /* TopicViewController.swift in Sources */,
			);
			runOnlyForDeploymentPostprocessing = 0;
		};
/* End PBXSourcesBuildPhase section */

/* Begin PBXVariantGroup section */
		C326C35525245D640039C7B6 /* Main.storyboard */ = {
			isa = PBXVariantGroup;
			children = (
				C326C35625245D640039C7B6 /* Base */,
			);
			name = Main.storyboard;
			sourceTree = "<group>";
		};
		C326C35D25245D650039C7B6 /* LaunchScreen.storyboard */ = {
			isa = PBXVariantGroup;
			children = (
				C326C35E25245D650039C7B6 /* Base */,
			);
			name = LaunchScreen.storyboard;
			sourceTree = "<group>";
		};
/* End PBXVariantGroup section */

/* Begin XCBuildConfiguration section */
		C326C36125245D650039C7B6 /* Debug */ = {
			isa = XCBuildConfiguration;
			buildSettings = {
				ALWAYS_SEARCH_USER_PATHS = NO;
				CLANG_ANALYZER_NONNULL = YES;
				CLANG_ANALYZER_NUMBER_OBJECT_CONVERSION = YES_AGGRESSIVE;
				CLANG_CXX_LANGUAGE_STANDARD = "gnu++14";
				CLANG_CXX_LIBRARY = "libc++";
				CLANG_ENABLE_MODULES = YES;
				CLANG_ENABLE_OBJC_ARC = YES;
				CLANG_ENABLE_OBJC_WEAK = YES;
				CLANG_WARN_BLOCK_CAPTURE_AUTORELEASING = YES;
				CLANG_WARN_BOOL_CONVERSION = YES;
				CLANG_WARN_COMMA = YES;
				CLANG_WARN_CONSTANT_CONVERSION = YES;
				CLANG_WARN_DEPRECATED_OBJC_IMPLEMENTATIONS = YES;
				CLANG_WARN_DIRECT_OBJC_ISA_USAGE = YES_ERROR;
				CLANG_WARN_DOCUMENTATION_COMMENTS = YES;
				CLANG_WARN_EMPTY_BODY = YES;
				CLANG_WARN_ENUM_CONVERSION = YES;
				CLANG_WARN_INFINITE_RECURSION = YES;
				CLANG_WARN_INT_CONVERSION = YES;
				CLANG_WARN_NON_LITERAL_NULL_CONVERSION = YES;
				CLANG_WARN_OBJC_IMPLICIT_RETAIN_SELF = YES;
				CLANG_WARN_OBJC_LITERAL_CONVERSION = YES;
				CLANG_WARN_OBJC_ROOT_CLASS = YES_ERROR;
				CLANG_WARN_RANGE_LOOP_ANALYSIS = YES;
				CLANG_WARN_STRICT_PROTOTYPES = YES;
				CLANG_WARN_SUSPICIOUS_MOVE = YES;
				CLANG_WARN_UNGUARDED_AVAILABILITY = YES_AGGRESSIVE;
				CLANG_WARN_UNREACHABLE_CODE = YES;
				CLANG_WARN__DUPLICATE_METHOD_MATCH = YES;
				COPY_PHASE_STRIP = NO;
				DEBUG_INFORMATION_FORMAT = dwarf;
				ENABLE_STRICT_OBJC_MSGSEND = YES;
				ENABLE_TESTABILITY = YES;
				GCC_C_LANGUAGE_STANDARD = gnu11;
				GCC_DYNAMIC_NO_PIC = NO;
				GCC_NO_COMMON_BLOCKS = YES;
				GCC_OPTIMIZATION_LEVEL = 0;
				GCC_PREPROCESSOR_DEFINITIONS = (
					"DEBUG=1",
					"$(inherited)",
				);
				GCC_WARN_64_TO_32_BIT_CONVERSION = YES;
				GCC_WARN_ABOUT_RETURN_TYPE = YES_ERROR;
				GCC_WARN_UNDECLARED_SELECTOR = YES;
				GCC_WARN_UNINITIALIZED_AUTOS = YES_AGGRESSIVE;
				GCC_WARN_UNUSED_FUNCTION = YES;
				GCC_WARN_UNUSED_VARIABLE = YES;
				IPHONEOS_DEPLOYMENT_TARGET = 13.7;
				MTL_ENABLE_DEBUG_INFO = INCLUDE_SOURCE;
				MTL_FAST_MATH = YES;
				ONLY_ACTIVE_ARCH = YES;
				SDKROOT = iphoneos;
				SWIFT_ACTIVE_COMPILATION_CONDITIONS = DEBUG;
				SWIFT_OPTIMIZATION_LEVEL = "-Onone";
			};
			name = Debug;
		};
		C326C36225245D650039C7B6 /* Release */ = {
			isa = XCBuildConfiguration;
			buildSettings = {
				ALWAYS_SEARCH_USER_PATHS = NO;
				CLANG_ANALYZER_NONNULL = YES;
				CLANG_ANALYZER_NUMBER_OBJECT_CONVERSION = YES_AGGRESSIVE;
				CLANG_CXX_LANGUAGE_STANDARD = "gnu++14";
				CLANG_CXX_LIBRARY = "libc++";
				CLANG_ENABLE_MODULES = YES;
				CLANG_ENABLE_OBJC_ARC = YES;
				CLANG_ENABLE_OBJC_WEAK = YES;
				CLANG_WARN_BLOCK_CAPTURE_AUTORELEASING = YES;
				CLANG_WARN_BOOL_CONVERSION = YES;
				CLANG_WARN_COMMA = YES;
				CLANG_WARN_CONSTANT_CONVERSION = YES;
				CLANG_WARN_DEPRECATED_OBJC_IMPLEMENTATIONS = YES;
				CLANG_WARN_DIRECT_OBJC_ISA_USAGE = YES_ERROR;
				CLANG_WARN_DOCUMENTATION_COMMENTS = YES;
				CLANG_WARN_EMPTY_BODY = YES;
				CLANG_WARN_ENUM_CONVERSION = YES;
				CLANG_WARN_INFINITE_RECURSION = YES;
				CLANG_WARN_INT_CONVERSION = YES;
				CLANG_WARN_NON_LITERAL_NULL_CONVERSION = YES;
				CLANG_WARN_OBJC_IMPLICIT_RETAIN_SELF = YES;
				CLANG_WARN_OBJC_LITERAL_CONVERSION = YES;
				CLANG_WARN_OBJC_ROOT_CLASS = YES_ERROR;
				CLANG_WARN_RANGE_LOOP_ANALYSIS = YES;
				CLANG_WARN_STRICT_PROTOTYPES = YES;
				CLANG_WARN_SUSPICIOUS_MOVE = YES;
				CLANG_WARN_UNGUARDED_AVAILABILITY = YES_AGGRESSIVE;
				CLANG_WARN_UNREACHABLE_CODE = YES;
				CLANG_WARN__DUPLICATE_METHOD_MATCH = YES;
				COPY_PHASE_STRIP = NO;
				DEBUG_INFORMATION_FORMAT = "dwarf-with-dsym";
				ENABLE_NS_ASSERTIONS = NO;
				ENABLE_STRICT_OBJC_MSGSEND = YES;
				GCC_C_LANGUAGE_STANDARD = gnu11;
				GCC_NO_COMMON_BLOCKS = YES;
				GCC_WARN_64_TO_32_BIT_CONVERSION = YES;
				GCC_WARN_ABOUT_RETURN_TYPE = YES_ERROR;
				GCC_WARN_UNDECLARED_SELECTOR = YES;
				GCC_WARN_UNINITIALIZED_AUTOS = YES_AGGRESSIVE;
				GCC_WARN_UNUSED_FUNCTION = YES;
				GCC_WARN_UNUSED_VARIABLE = YES;
				IPHONEOS_DEPLOYMENT_TARGET = 13.7;
				MTL_ENABLE_DEBUG_INFO = NO;
				MTL_FAST_MATH = YES;
				SDKROOT = iphoneos;
				SWIFT_COMPILATION_MODE = wholemodule;
				SWIFT_OPTIMIZATION_LEVEL = "-O";
				VALIDATE_PRODUCT = YES;
			};
			name = Release;
		};
		C326C36425245D650039C7B6 /* Debug */ = {
			isa = XCBuildConfiguration;
			baseConfigurationReference = DD51B87F04FFB81565F3E3FA /* Pods-MSA.debug.xcconfig */;
			buildSettings = {
				ASSETCATALOG_COMPILER_APPICON_NAME = AppIcon;
				CODE_SIGN_STYLE = Automatic;
				DEVELOPMENT_TEAM = B6L6DH4GP6;
				INFOPLIST_FILE = MSA/Info.plist;
				LD_RUNPATH_SEARCH_PATHS = (
					"$(inherited)",
					"@executable_path/Frameworks",
				);
				PRODUCT_BUNDLE_IDENTIFIER = FatemaShams.MSA;
				PRODUCT_NAME = "$(TARGET_NAME)";
				SWIFT_VERSION = 5.0;
				TARGETED_DEVICE_FAMILY = "1,2";
			};
			name = Debug;
		};
		C326C36525245D650039C7B6 /* Release */ = {
			isa = XCBuildConfiguration;
			baseConfigurationReference = 054A098611EFC25A9F678A26 /* Pods-MSA.release.xcconfig */;
			buildSettings = {
				ASSETCATALOG_COMPILER_APPICON_NAME = AppIcon;
				CODE_SIGN_STYLE = Automatic;
				DEVELOPMENT_TEAM = B6L6DH4GP6;
				INFOPLIST_FILE = MSA/Info.plist;
				LD_RUNPATH_SEARCH_PATHS = (
					"$(inherited)",
					"@executable_path/Frameworks",
				);
				PRODUCT_BUNDLE_IDENTIFIER = FatemaShams.MSA;
				PRODUCT_NAME = "$(TARGET_NAME)";
				SWIFT_VERSION = 5.0;
				TARGETED_DEVICE_FAMILY = "1,2";
			};
			name = Release;
		};
/* End XCBuildConfiguration section */

/* Begin XCConfigurationList section */
		C326C34725245D640039C7B6 /* Build configuration list for PBXProject "MSA" */ = {
			isa = XCConfigurationList;
			buildConfigurations = (
				C326C36125245D650039C7B6 /* Debug */,
				C326C36225245D650039C7B6 /* Release */,
			);
			defaultConfigurationIsVisible = 0;
			defaultConfigurationName = Release;
		};
		C326C36325245D650039C7B6 /* Build configuration list for PBXNativeTarget "MSA" */ = {
			isa = XCConfigurationList;
			buildConfigurations = (
				C326C36425245D650039C7B6 /* Debug */,
				C326C36525245D650039C7B6 /* Release */,
			);
			defaultConfigurationIsVisible = 0;
			defaultConfigurationName = Release;
		};
/* End XCConfigurationList section */

/* Begin XCVersionGroup section */
		C326C35825245D640039C7B6 /* MSA.xcdatamodeld */ = {
			isa = XCVersionGroup;
			children = (
				C326C35925245D640039C7B6 /* MSA.xcdatamodel */,
			);
			currentVersion = C326C35925245D640039C7B6 /* MSA.xcdatamodel */;
			path = MSA.xcdatamodeld;
			sourceTree = "<group>";
			versionGroupType = wrapper.xcdatamodel;
		};
/* End XCVersionGroup section */
	};
	rootObject = C326C34425245D640039C7B6 /* Project object */;
}
